
Microsoft Visual Studio Solution File, Format Version 12.00
# Visual Studio 15
VisualStudioVersion = 15.0.28307.329
MinimumVisualStudioVersion = 10.0.40219.1
Project("{FAE04EC0-301F-11D3-BF4B-00C04F79EFBC}") = "musicPlayer", "musicPlayer\musicPlayer.csproj", "{3DBE966D-23EC-4429-978B-E805E02876EE}"
EndProject
Global
	GlobalSection(SolutionConfigurationPlatforms) = preSolution
		Debug|Any CPU = Debug|Any CPU
		Release|Any CPU = Release|Any CPU
	EndGlobalSection
	GlobalSection(ProjectConfigurationPlatforms) = postSolution
		{3DBE966D-23EC-4429-978B-E805E02876EE}.Debug|Any CPU.ActiveCfg = Debug|Any CPU
		{3DBE966D-23EC-4429-978B-E805E02876EE}.Debug|Any CPU.Build.0 = Debug|Any CPU
		{3DBE966D-23EC-4429-978B-E805E02876EE}.Release|Any CPU.ActiveCfg = Release|Any CPU
		{3DBE966D-23EC-4429-978B-E805E02876EE}.Release|Any CPU.Build.0 = Release|Any CPU
	EndGlobalSection
	GlobalSection(SolutionProperties) = preSolution
		HideSolutionNode = FALSE
	EndGlobalSection
	GlobalSection(ExtensibilityGlobals) = postSolution
		SolutionGuid = {DF1A4DDD-D0BC-48B9-8027-FAAD0ECE94CE}
	EndGlobalSection
EndGlobal
